PODS:
  - ble_reader (0.0.1):
    - Flutter
  - Flutter (1.0.0)
  - RxSwift (3.6.1)

DEPENDENCIES:
  - ble_reader (from `.symlinks/plugins/ble_reader/ios`)
  - Flutter (from `Flutter`)
  - RxSwift

SPEC REPOS:
  trunk:
    - RxSwift

EXTERNAL SOURCES:
  ble_reader:
    :path: ".symlinks/plugins/ble_reader/ios"
  Flutter:
    :path: Flutter

SPEC CHECKSUMS:
  ble_reader: 343d41e4e7c468f3ad50506a327fd29e61ec9d3b
  Flutter: f04841e97a9d0b0a8025694d0796dd46242b2854
  RxSwift: f9de85ea20cd2f7716ee5409fc13523dc638e4e4

PODFILE CHECKSUM: 6bf728456ac41e375652d2eff9706d8eb81c0b5e

COCOAPODS: 1.10.1
